
Microsoft Visual Studio Solution File, Format Version 12.00
# Visual Studio Version 17
VisualStudioVersion = 17.7.34031.279
MinimumVisualStudioVersion = 10.0.40219.1
Project("{FAE04EC0-301F-11D3-BF4B-00C04F79EFBC}") = "CxxCliConsumerAppOldStyle", "CxxCliConsumerAppOldStyle\CxxCliConsumerAppOldStyle.csproj", "{E21282AD-B76E-40CC-8591-60F129DBDD42}"
EndProject
Global
	GlobalSection(SolutionConfigurationPlatforms) = preSolution
		Debug|x64 = Debug|x64
		Debug|x86 = Debug|x86
		Release|x64 = Release|x64
		Release|x86 = Release|x86
	EndGlobalSection
	GlobalSection(ProjectConfigurationPlatforms) = postSolution
		{E21282AD-B76E-40CC-8591-60F129DBDD42}.Debug|x64.ActiveCfg = Debug|x64
		{E21282AD-B76E-40CC-8591-60F129DBDD42}.Debug|x64.Build.0 = Debug|x64
		{E21282AD-B76E-40CC-8591-60F129DBDD42}.Debug|x86.ActiveCfg = Debug|x86
		{E21282AD-B76E-40CC-8591-60F129DBDD42}.Debug|x86.Build.0 = Debug|x86
		{E21282AD-B76E-40CC-8591-60F129DBDD42}.Release|x64.ActiveCfg = Release|x64
		{E21282AD-B76E-40CC-8591-60F129DBDD42}.Release|x64.Build.0 = Release|x64
		{E21282AD-B76E-40CC-8591-60F129DBDD42}.Release|x86.ActiveCfg = Release|x86
		{E21282AD-B76E-40CC-8591-60F129DBDD42}.Release|x86.Build.0 = Release|x86
	EndGlobalSection
	GlobalSection(SolutionProperties) = preSolution
		HideSolutionNode = FALSE
	EndGlobalSection
	GlobalSection(ExtensibilityGlobals) = postSolution
		SolutionGuid = {72DE03DD-6404-4266-B4E0-742232460E2F}
	EndGlobalSection
EndGlobal
