
Microsoft Visual Studio Solution File, Format Version 12.00
# Visual Studio Version 16
VisualStudioVersion = 16.0.28803.352
MinimumVisualStudioVersion = 10.0.40219.1
Project("{FAE04EC0-301F-11D3-BF4B-00C04F79EFBC}") = "LibWithNativeCode", "LibWithNativeCode\LibWithNativeCode.csproj", "{D3587A03-F85D-49BB-A1DB-F6058A30CB31}"
EndProject
Global
	GlobalSection(SolutionConfigurationPlatforms) = preSolution
		Debug|Any CPU = Debug|Any CPU
		Release|Any CPU = Release|Any CPU
	EndGlobalSection
	GlobalSection(ProjectConfigurationPlatforms) = postSolution
		{D3587A03-F85D-49BB-A1DB-F6058A30CB31}.Debug|Any CPU.ActiveCfg = Debug|Any CPU
		{D3587A03-F85D-49BB-A1DB-F6058A30CB31}.Debug|Any CPU.Build.0 = Debug|Any CPU
		{D3587A03-F85D-49BB-A1DB-F6058A30CB31}.Release|Any CPU.ActiveCfg = Release|Any CPU
		{D3587A03-F85D-49BB-A1DB-F6058A30CB31}.Release|Any CPU.Build.0 = Release|Any CPU
	EndGlobalSection
	GlobalSection(SolutionProperties) = preSolution
		HideSolutionNode = FALSE
	EndGlobalSection
	GlobalSection(ExtensibilityGlobals) = postSolution
		SolutionGuid = {D900E90A-24F2-4AEB-AE34-412B5D70E8D6}
	EndGlobalSection
EndGlobal
