
Microsoft Visual Studio Solution File, Format Version 12.00
# Visual Studio Version 17
VisualStudioVersion = 17.0.32014.148
MinimumVisualStudioVersion = 10.0.40219.1
Project("{8BC9CEB8-8B4A-11D0-8D11-00A0C91BC942}") = "MassivelyConcurrentCreateProcess", "MassivelyConcurrentCreateProcess.vcxproj", "{929A8FCF-46BC-44CC-AD81-4906E73D1765}"
EndProject
Global
	GlobalSection(SolutionConfigurationPlatforms) = preSolution
		Debug|x64 = Debug|x64
		Release|x64 = Release|x64
	EndGlobalSection
	GlobalSection(ProjectConfigurationPlatforms) = postSolution
		{929A8FCF-46BC-44CC-AD81-4906E73D1765}.Debug|x64.ActiveCfg = Debug|x64
		{929A8FCF-46BC-44CC-AD81-4906E73D1765}.Debug|x64.Build.0 = Debug|x64
		{929A8FCF-46BC-44CC-AD81-4906E73D1765}.Release|x64.ActiveCfg = Release|x64
		{929A8FCF-46BC-44CC-AD81-4906E73D1765}.Release|x64.Build.0 = Release|x64
	EndGlobalSection
	GlobalSection(SolutionProperties) = preSolution
		HideSolutionNode = FALSE
	EndGlobalSection
	GlobalSection(ExtensibilityGlobals) = postSolution
		SolutionGuid = {4FC7312F-49BA-4799-BF0F-2A5C515A01A4}
	EndGlobalSection
EndGlobal
