
Microsoft Visual Studio Solution File, Format Version 12.00
# Visual Studio Version 16
VisualStudioVersion = 16.0.30503.244
MinimumVisualStudioVersion = 10.0.40219.1
Project("{FAE04EC0-301F-11D3-BF4B-00C04F79EFBC}") = "NormalizeEol", "NormalizeEol\NormalizeEol.csproj", "{D685FD3B-6092-4503-8EF1-B9621B1F1F3E}"
EndProject
Global
	GlobalSection(SolutionConfigurationPlatforms) = preSolution
		Debug|Any CPU = Debug|Any CPU
		Release|Any CPU = Release|Any CPU
	EndGlobalSection
	GlobalSection(ProjectConfigurationPlatforms) = postSolution
		{D685FD3B-6092-4503-8EF1-B9621B1F1F3E}.Debug|Any CPU.ActiveCfg = Debug|Any CPU
		{D685FD3B-6092-4503-8EF1-B9621B1F1F3E}.Debug|Any CPU.Build.0 = Debug|Any CPU
		{D685FD3B-6092-4503-8EF1-B9621B1F1F3E}.Release|Any CPU.ActiveCfg = Release|Any CPU
		{D685FD3B-6092-4503-8EF1-B9621B1F1F3E}.Release|Any CPU.Build.0 = Release|Any CPU
	EndGlobalSection
	GlobalSection(SolutionProperties) = preSolution
		HideSolutionNode = FALSE
	EndGlobalSection
	GlobalSection(ExtensibilityGlobals) = postSolution
		SolutionGuid = {9CC9FF5A-2138-4D3A-BB9A-A66040A0950E}
	EndGlobalSection
EndGlobal
