
Microsoft Visual Studio Solution File, Format Version 12.00
# Visual Studio 15
VisualStudioVersion = 15.0.26127.3
MinimumVisualStudioVersion = 10.0.40219.1
Project("{F2A71F9B-5D33-465A-A702-920D77279786}") = "DataStructuresAndAlgorithms", "DataStructuresAndAlgorithms.fsproj", "{DE7135AD-332B-4C8C-B509-834B7B565B72}"
EndProject
Global
	GlobalSection(SolutionConfigurationPlatforms) = preSolution
		Debug|Any CPU = Debug|Any CPU
		Release|Any CPU = Release|Any CPU
	EndGlobalSection
	GlobalSection(ProjectConfigurationPlatforms) = postSolution
		{DE7135AD-332B-4C8C-B509-834B7B565B72}.Debug|Any CPU.ActiveCfg = Debug|Any CPU
		{DE7135AD-332B-4C8C-B509-834B7B565B72}.Debug|Any CPU.Build.0 = Debug|Any CPU
		{DE7135AD-332B-4C8C-B509-834B7B565B72}.Release|Any CPU.ActiveCfg = Release|Any CPU
		{DE7135AD-332B-4C8C-B509-834B7B565B72}.Release|Any CPU.Build.0 = Release|Any CPU
	EndGlobalSection
	GlobalSection(SolutionProperties) = preSolution
		HideSolutionNode = FALSE
	EndGlobalSection
EndGlobal
