
Microsoft Visual Studio Solution File, Format Version 12.00
# Visual Studio Version 17
VisualStudioVersion = 17.6.33712.159
MinimumVisualStudioVersion = 10.0.40219.1
Project("{9A19103F-16F7-4668-BE54-9A1E7A4F7556}") = "XunitExtraParameter", "XunitExtraParameter.csproj", "{66D42460-24B7-4BD1-BA20-9CBBF3A22894}"
EndProject
Project("{2150E333-8FDC-42A3-9474-1A3956D46DE8}") = "Solution Items", "Solution Items", "{64FDC20E-1E55-4A1E-8F51-0CC4700D5AD6}"
	ProjectSection(SolutionItems) = preProject
		.runsettings = .runsettings
	EndProjectSection
EndProject
Global
	GlobalSection(SolutionConfigurationPlatforms) = preSolution
		Debug|Any CPU = Debug|Any CPU
		Release|Any CPU = Release|Any CPU
	EndGlobalSection
	GlobalSection(ProjectConfigurationPlatforms) = postSolution
		{66D42460-24B7-4BD1-BA20-9CBBF3A22894}.Debug|Any CPU.ActiveCfg = Debug|Any CPU
		{66D42460-24B7-4BD1-BA20-9CBBF3A22894}.Debug|Any CPU.Build.0 = Debug|Any CPU
		{66D42460-24B7-4BD1-BA20-9CBBF3A22894}.Release|Any CPU.ActiveCfg = Release|Any CPU
		{66D42460-24B7-4BD1-BA20-9CBBF3A22894}.Release|Any CPU.Build.0 = Release|Any CPU
	EndGlobalSection
	GlobalSection(SolutionProperties) = preSolution
		HideSolutionNode = FALSE
	EndGlobalSection
	GlobalSection(ExtensibilityGlobals) = postSolution
		SolutionGuid = {57BC7072-880B-4962-B682-1865CCA21249}
	EndGlobalSection
EndGlobal
