
Microsoft Visual Studio Solution File, Format Version 12.00
# Visual Studio Version 16
VisualStudioVersion = 16.0.28803.352
MinimumVisualStudioVersion = 10.0.40219.1
Project("{FAE04EC0-301F-11D3-BF4B-00C04F79EFBC}") = "LibUser", "LibUser.csproj", "{E6D22A63-AABB-4B23-9608-879BD638FCC7}"
EndProject
Global
	GlobalSection(SolutionConfigurationPlatforms) = preSolution
		Debug|Any CPU = Debug|Any CPU
		Release|Any CPU = Release|Any CPU
	EndGlobalSection
	GlobalSection(ProjectConfigurationPlatforms) = postSolution
		{E6D22A63-AABB-4B23-9608-879BD638FCC7}.Debug|Any CPU.ActiveCfg = Debug|Any CPU
		{E6D22A63-AABB-4B23-9608-879BD638FCC7}.Debug|Any CPU.Build.0 = Debug|Any CPU
		{E6D22A63-AABB-4B23-9608-879BD638FCC7}.Release|Any CPU.ActiveCfg = Release|Any CPU
		{E6D22A63-AABB-4B23-9608-879BD638FCC7}.Release|Any CPU.Build.0 = Release|Any CPU
	EndGlobalSection
	GlobalSection(SolutionProperties) = preSolution
		HideSolutionNode = FALSE
	EndGlobalSection
	GlobalSection(ExtensibilityGlobals) = postSolution
		SolutionGuid = {CB48A4B5-7E2D-4DA0-BF41-840989F884DA}
	EndGlobalSection
EndGlobal
